
Microsoft Visual Studio Solution File, Format Version 12.00
# Visual Studio 15
Project("{FAE04EC0-301F-11D3-BF4B-00C04F79EFBC}") = "Assembly-CSharp-firstpass", "Assembly-CSharp-firstpass.csproj", "{4A263BA5-10FA-EC91-42E8-A6F4339E7BDA}"
EndProject
Project("{FAE04EC0-301F-11D3-BF4B-00C04F79EFBC}") = "Assembly-CSharp", "Assembly-CSharp.csproj", "{397CECE4-0F0C-8965-3A0C-16AD9FF7AEC1}"
EndProject
Project("{FAE04EC0-301F-11D3-BF4B-00C04F79EFBC}") = "Assembly-CSharp-Editor-firstpass", "Assembly-CSharp-Editor-firstpass.csproj", "{8F434ABB-BEE3-9A39-A46D-CDE3B01C1462}"
EndProject
Global
	GlobalSection(SolutionConfigurationPlatforms) = preSolution
		Debug|Any CPU = Debug|Any CPU
		Release|Any CPU = Release|Any CPU
	EndGlobalSection
	GlobalSection(ProjectConfigurationPlatforms) = postSolution
		{4A263BA5-10FA-EC91-42E8-A6F4339E7BDA}.Debug|Any CPU.ActiveCfg = Debug|Any CPU
		{4A263BA5-10FA-EC91-42E8-A6F4339E7BDA}.Debug|Any CPU.Build.0 = Debug|Any CPU
		{4A263BA5-10FA-EC91-42E8-A6F4339E7BDA}.Release|Any CPU.ActiveCfg = Release|Any CPU
		{4A263BA5-10FA-EC91-42E8-A6F4339E7BDA}.Release|Any CPU.Build.0 = Release|Any CPU
		{397CECE4-0F0C-8965-3A0C-16AD9FF7AEC1}.Debug|Any CPU.ActiveCfg = Debug|Any CPU
		{397CECE4-0F0C-8965-3A0C-16AD9FF7AEC1}.Debug|Any CPU.Build.0 = Debug|Any CPU
		{397CECE4-0F0C-8965-3A0C-16AD9FF7AEC1}.Release|Any CPU.ActiveCfg = Release|Any CPU
		{397CECE4-0F0C-8965-3A0C-16AD9FF7AEC1}.Release|Any CPU.Build.0 = Release|Any CPU
		{8F434ABB-BEE3-9A39-A46D-CDE3B01C1462}.Debug|Any CPU.ActiveCfg = Debug|Any CPU
		{8F434ABB-BEE3-9A39-A46D-CDE3B01C1462}.Debug|Any CPU.Build.0 = Debug|Any CPU
		{8F434ABB-BEE3-9A39-A46D-CDE3B01C1462}.Release|Any CPU.ActiveCfg = Release|Any CPU
		{8F434ABB-BEE3-9A39-A46D-CDE3B01C1462}.Release|Any CPU.Build.0 = Release|Any CPU
	EndGlobalSection
	GlobalSection(SolutionProperties) = preSolution
		HideSolutionNode = FALSE
	EndGlobalSection
EndGlobal
